// !$*UTF8*$!
{
	archiveVersion = 1;
	classes = {
	};
	objectVersion = 46;
	objects = {
/* Begin PBXBuildFile section */
		0207DA581B56EA530066E2B4 /* Images.xcassets in Resources */ = {isa = PBXBuildFile; fileRef = 0207DA571B56EA530066E2B4 /* Images.xcassets */; };
		02F5EF736885487ABF52487B /* ELCAssetCell.m in Sources */ = {isa = PBXBuildFile; fileRef = 941EC1C68676495BBA2A55CC /* ELCAssetCell.m */; };
		0B3483E936EA40FEAAF197F1 /* CDVFile.m in Sources */ = {isa = PBXBuildFile; fileRef = F6A4E9D4B70D415EB288AAB6 /* CDVFile.m */; };
		1045B025B0B54219860FCF90 /* AppAvailability.m in Sources */ = {isa = PBXBuildFile; fileRef = 15DB14FC918746489A2B5D38 /* AppAvailability.m */; };
		141E44B098954E48A067A1CA /* Overlay.png in Resources */ = {isa = PBXBuildFile; fileRef = C600BF51B4384B9489CCF8FF /* Overlay.png */; };
		15703808557D4E8BB7A65D83 /* AppDelegate+APPRegisterUserNotificationSettings.m in Sources */ = {isa = PBXBuildFile; fileRef = E8F41E497E62459F9C211509 /* AppDelegate+APPRegisterUserNotificationSettings.m */; };
		17FD457CB3F64C549F89E783 /* APPNotificationOptions.m in Sources */ = {isa = PBXBuildFile; fileRef = 6B507AF87CFB4FC3BB75CF33 /* APPNotificationOptions.m */; };
		1D3623260D0F684500981E51 /* AppDelegate.m in Sources */ = {isa = PBXBuildFile; fileRef = 1D3623250D0F684500981E51 /* AppDelegate.m */; };
		1D60589B0D05DD56006BFB54 /* main.m in Sources */ = {isa = PBXBuildFile; fileRef = 29B97316FDCFA39411CA2CEA /* main.m */; };
		24C68B784F9648F2BC34839C /* ELCAssetTablePicker.xib in Resources */ = {isa = PBXBuildFile; fileRef = 7D5A3AB8826140E7ABB3FBF3 /* ELCAssetTablePicker.xib */; };
		29DD3FC21413429489B2C8BD /* CDVFileTransfer.m in Sources */ = {isa = PBXBuildFile; fileRef = 0E7A336702004CF6ADCBB1BB /* CDVFileTransfer.m */; };
		2AAEEC52D1224B5AAEA4F3AD /* UserNotifications.framework in Frameworks */ = {isa = PBXBuildFile; fileRef = C6202DD9BCC044D38CE72DE6 /* UserNotifications.framework */; };
		301BF552109A68D80062928A /* libCordova.a in Frameworks */ = {isa = PBXBuildFile; fileRef = 301BF535109A57CC0062928A /* libCordova.a */; };
		302D95F114D2391D003F00A1 /* MainViewController.m in Sources */ = {isa = PBXBuildFile; fileRef = 302D95EF14D2391D003F00A1 /* MainViewController.m */; };
		302D95F214D2391D003F00A1 /* MainViewController.xib in Resources */ = {isa = PBXBuildFile; fileRef = 302D95F014D2391D003F00A1 /* MainViewController.xib */; };
		36AECF953E3243A4A3DE740B /* FileOpener2.m in Sources */ = {isa = PBXBuildFile; fileRef = 57F7C30CB3BF42A7B61B433D /* FileOpener2.m */; };
		3B2451B5236C4914B29ADB8A /* SOSPicker.m in Sources */ = {isa = PBXBuildFile; fileRef = 2120A69A37254625A213E3B8 /* SOSPicker.m */; };
		3E7680E6F4C8493F91D39655 /* CDVInAppBrowser.m in Sources */ = {isa = PBXBuildFile; fileRef = 8157B2FAE41347DFA218A78D /* CDVInAppBrowser.m */; };
		456671A464414DE597DACBAF /* CDVAssetLibraryFilesystem.m in Sources */ = {isa = PBXBuildFile; fileRef = EE3642B1414F40059BBA39A6 /* CDVAssetLibraryFilesystem.m */; };
		495CF40674B042FCBA2DE77A /* CDVLocation.m in Sources */ = {isa = PBXBuildFile; fileRef = 699166276F4644DEA1905A0F /* CDVLocation.m */; };
		4C5EAC8AAE0047E78D95C7FD /* APPLocalNotification.m in Sources */ = {isa = PBXBuildFile; fileRef = 394EA4A873AD40ADA5E42C58 /* APPLocalNotification.m */; };
		4D5D4DB197B24C47A01CB50B /* Overlay@2x.png in Resources */ = {isa = PBXBuildFile; fileRef = C0366C53A4574182AA3954F5 /* Overlay@2x.png */; };
		51F6EF75FDD64FF58E99E2DC /* IonicKeyboard.m in Sources */ = {isa = PBXBuildFile; fileRef = EA932BB64D274C429C9709C8 /* IonicKeyboard.m */; };
		53C23A2013354CFF9250F713 /* APPMethodMagic.m in Sources */ = {isa = PBXBuildFile; fileRef = 8F2863458757419185026081 /* APPMethodMagic.m */; };
		59D2C25FA419437B99C3DB79 /* APPNotificationCategory.m in Sources */ = {isa = PBXBuildFile; fileRef = C4F876DD0FDA43C7B21F4DB4 /* APPNotificationCategory.m */; };
		5EEA11993D3D4FC09D41766E /* CDVLocalFilesystem.m in Sources */ = {isa = PBXBuildFile; fileRef = 1F3E00F5FB514A198A987CB2 /* CDVLocalFilesystem.m */; };
		5FE05573D74B4D529706D78D /* CDVViewController+SplashScreen.m in Sources */ = {isa = PBXBuildFile; fileRef = 600769E174E24034AA6DF7A7 /* CDVViewController+SplashScreen.m */; };
		61355C1BAF7F4840935C3803 /* AVFoundation.framework in Frameworks */ = {isa = PBXBuildFile; fileRef = 2F151498900F43778D0EDECD /* AVFoundation.framework */; };
		64402D9F0C774D718F0394CE /* ELCAlbumPickerController.m in Sources */ = {isa = PBXBuildFile; fileRef = 9EED558736BB46B1AB95627A /* ELCAlbumPickerController.m */; };
		6AFF5BF91D6E424B00AB3073 /* CDVLaunchScreen.storyboard in Resources */ = {isa = PBXBuildFile; fileRef = 6AFF5BF81D6E424B00AB3073 /* CDVLaunchScreen.storyboard */; };
		6D6064F90CC64CCD8AA5212E /* startApp.m in Sources */ = {isa = PBXBuildFile; fileRef = CC841FDFF8D3414380F961E5 /* startApp.m */; };
		79B8A2BCF8834511ACB4F02F /* ELCAssetPicker.xib in Resources */ = {isa = PBXBuildFile; fileRef = 6AC220131F494390BA0648E2 /* ELCAssetPicker.xib */; };
		824CBF6F05F0425D9CD9C0DB /* CDVCamera.m in Sources */ = {isa = PBXBuildFile; fileRef = ACA3E9B297214E3C9FC122B2 /* CDVCamera.m */; };
		88EF1F8697064B7BBA8773BD /* UIImage+CropScaleOrientation.m in Sources */ = {isa = PBXBuildFile; fileRef = 7CA3F4EF489F4AA7BD3F5B90 /* UIImage+CropScaleOrientation.m */; };
		9390D81140CC471D8870DEE6 /* ImageIO.framework in Frameworks */ = {isa = PBXBuildFile; fileRef = D5E076391CC7488CA0BE37E1 /* ImageIO.framework */; settings = {ATTRIBUTES = (Weak, ); }; };
		9BBF58FBF20B4A0EB52C30AF /* APPNotificationContent.m in Sources */ = {isa = PBXBuildFile; fileRef = 817A981A4D514CC59A5AA47D /* APPNotificationContent.m */; };
		A215EBFDBC3E4AECAFAE2929 /* ELCAsset.m in Sources */ = {isa = PBXBuildFile; fileRef = 70F1390F61DA44DD94880D97 /* ELCAsset.m */; };
		AFB7EF84436042E4B2F7A411 /* CDVJpegHeaderWriter.m in Sources */ = {isa = PBXBuildFile; fileRef = CC96BADB7A604F76BC24DAAE /* CDVJpegHeaderWriter.m */; };
		AFB9777A2F954722B5D26BAD /* AppVersion.m in Sources */ = {isa = PBXBuildFile; fileRef = 265DEAC6BA594EC39549BE7C /* AppVersion.m */; };
		BA5D67E1F6284760A4D17092 /* APPBackgroundMode.m in Sources */ = {isa = PBXBuildFile; fileRef = B388406CEFE246C49C374F64 /* APPBackgroundMode.m */; };
		BE1E3510FE6F42A984766D88 /* CoreLocation.framework in Frameworks */ = {isa = PBXBuildFile; fileRef = 6F0AED408CA64E639F8C8F41 /* CoreLocation.framework */; };
		BFC03126AEF14262B972D6EE /* ELCImagePickerController.m in Sources */ = {isa = PBXBuildFile; fileRef = 0F4CB191A7D5462AB9FDCDA5 /* ELCImagePickerController.m */; };
		C339C3C13E634005A064A80C /* ELCAssetTablePicker.m in Sources */ = {isa = PBXBuildFile; fileRef = D15302ABFFFB4E6489074AED /* ELCAssetTablePicker.m */; };
		D21EA8A6F8DF4E52BFE7928A /* CDVSplashScreen.m in Sources */ = {isa = PBXBuildFile; fileRef = CA4DAEA272EE4B0A957EAB10 /* CDVSplashScreen.m */; };
		DEC3DC397EB34595A4F0E76E /* appbeep.wav in Resources */ = {isa = PBXBuildFile; fileRef = 6631196BE1334354ACDEF117 /* appbeep.wav */; };
		E176C75E89C8426C9F1DAAA4 /* APPBadge.m in Sources */ = {isa = PBXBuildFile; fileRef = A430E9EC0DE3438AB4CA8C7C /* APPBadge.m */; };
		E51B256630234483813A1ECE /* CDVStatusBar.m in Sources */ = {isa = PBXBuildFile; fileRef = 6C3E9A6387CD49B09A292A2B /* CDVStatusBar.m */; };
		EE9E0A7A20E4474AAB6E0BFC /* CDVDevice.m in Sources */ = {isa = PBXBuildFile; fileRef = 8DEB9A88BBB24A0E81CBEF46 /* CDVDevice.m */; };
		EEF272E5C8904B93821EC33B /* ELCAlbumPickerController.xib in Resources */ = {isa = PBXBuildFile; fileRef = 6E8B72FE05B74A2A8EC56A0F /* ELCAlbumPickerController.xib */; };
		EF35AFE4DFB44667BEA7AE8A /* UNUserNotificationCenter+APPLocalNotification.m in Sources */ = {isa = PBXBuildFile; fileRef = B378DF6689064CA28354A0D8 /* UNUserNotificationCenter+APPLocalNotification.m */; };
		FA5C1846C0CA4D92A89E53FB /* UNNotificationRequest+APPLocalNotification.m in Sources */ = {isa = PBXBuildFile; fileRef = ACD3BA14FBC342AF8C46613E /* UNNotificationRequest+APPLocalNotification.m */; };
/* End PBXBuildFile section */

/* Begin PBXContainerItemProxy section */
		301BF534109A57CC0062928A /* PBXContainerItemProxy */ = {
			isa = PBXContainerItemProxy;
			containerPortal = 301BF52D109A57CC0062928A /* CordovaLib/CordovaLib.xcodeproj */;
			proxyType = 2;
			remoteGlobalIDString = D2AAC07E0554694100DB518D;
			remoteInfo = CordovaLib;
		};
		301BF550109A68C00062928A /* PBXContainerItemProxy */ = {
			isa = PBXContainerItemProxy;
			containerPortal = 301BF52D109A57CC0062928A /* CordovaLib/CordovaLib.xcodeproj */;
			proxyType = 1;
			remoteGlobalIDString = D2AAC07D0554694100DB518D;
			remoteInfo = CordovaLib;
		};
		AAED70A021BA377600920FA0 /* PBXContainerItemProxy */ = {
			isa = PBXContainerItemProxy;
			containerPortal = 301BF52D109A57CC0062928A /* CordovaLib/CordovaLib.xcodeproj */;
			proxyType = 2;
			remoteGlobalIDString = C0C01EB21E3911D50056E6CB;
			remoteInfo = Cordova;
		};
/* End PBXContainerItemProxy section */

/* Begin PBXFileReference section */
		019C644949B0443FA738D131 /* APPBadge.h */ = {isa = PBXFileReference; explicitFileType = undefined; fileEncoding = 4; includeInIndex = 0; lastKnownFileType = sourcecode.c.h; name = APPBadge.h; path = "cordova-plugin-badge/APPBadge.h"; sourceTree = "<group>"; };
		0207DA571B56EA530066E2B4 /* Images.xcassets */ = {isa = PBXFileReference; lastKnownFileType = folder.assetcatalog; name = Images.xcassets; path = "三奇/Images.xcassets"; sourceTree = SOURCE_ROOT; };
		044AD68760F0418BBC334F07 /* CDVViewController+SplashScreen.h */ = {isa = PBXFileReference; explicitFileType = undefined; fileEncoding = 4; includeInIndex = 0; lastKnownFileType = sourcecode.c.h; name = "CDVViewController+SplashScreen.h"; path = "cordova-plugin-splashscreen/CDVViewController+SplashScreen.h"; sourceTree = "<group>"; };
		07476386526E476E82262684 /* ELCAssetCell.h */ = {isa = PBXFileReference; explicitFileType = undefined; fileEncoding = 4; includeInIndex = 0; lastKnownFileType = sourcecode.c.h; name = ELCAssetCell.h; path = "cordova-plugin-image-picker/ELCAssetCell.h"; sourceTree = "<group>"; };
		0E7A336702004CF6ADCBB1BB /* CDVFileTransfer.m */ = {isa = PBXFileReference; explicitFileType = undefined; fileEncoding = 4; includeInIndex = 0; lastKnownFileType = sourcecode.c.objc; name = CDVFileTransfer.m; path = "cordova-plugin-file-transfer/CDVFileTransfer.m"; sourceTree = "<group>"; };
		0F4CB191A7D5462AB9FDCDA5 /* ELCImagePickerController.m */ = {isa = PBXFileReference; explicitFileType = undefined; fileEncoding = 4; includeInIndex = 0; lastKnownFileType = sourcecode.c.objc; name = ELCImagePickerController.m; path = "cordova-plugin-image-picker/ELCImagePickerController.m"; sourceTree = "<group>"; };
		0F74E16238314832AC2941BE /* AppDelegate+APPRegisterUserNotificationSettings.h */ = {isa = PBXFileReference; explicitFileType = undefined; fileEncoding = 4; includeInIndex = 0; lastKnownFileType = sourcecode.c.h; name = "AppDelegate+APPRegisterUserNotificationSettings.h"; path = "cordova-plugin-registerusernotificationsettings/AppDelegate+APPRegisterUserNotificationSettings.h"; sourceTree = "<group>"; };
		14FF9749FE5546888BF8D29D /* APPNotificationOptions.h */ = {isa = PBXFileReference; explicitFileType = undefined; fileEncoding = 4; includeInIndex = 0; lastKnownFileType = sourcecode.c.h; name = APPNotificationOptions.h; path = "cordova-plugin-local-notification/APPNotificationOptions.h"; sourceTree = "<group>"; };
		1575A9991F2F4EE3B11B2399 /* CDVLocation.h */ = {isa = PBXFileReference; explicitFileType = undefined; fileEncoding = 4; includeInIndex = 0; lastKnownFileType = sourcecode.c.h; name = CDVLocation.h; path = "cordova-plugin-geolocation/CDVLocation.h"; sourceTree = "<group>"; };
		15DB14FC918746489A2B5D38 /* AppAvailability.m */ = {isa = PBXFileReference; explicitFileType = undefined; fileEncoding = 4; includeInIndex = 0; lastKnownFileType = sourcecode.c.objc; name = AppAvailability.m; path = "cordova-plugin-appavailability/AppAvailability.m"; sourceTree = "<group>"; };
		1D3623240D0F684500981E51 /* AppDelegate.h */ = {isa = PBXFileReference; fileEncoding = 4; lastKnownFileType = sourcecode.c.h; path = AppDelegate.h; sourceTree = "<group>"; };
		1D3623250D0F684500981E51 /* AppDelegate.m */ = {isa = PBXFileReference; fileEncoding = 4; lastKnownFileType = sourcecode.c.objc; path = AppDelegate.m; sourceTree = "<group>"; };
		1D6058910D05DD3D006BFB54 /* 三奇.app */ = {isa = PBXFileReference; explicitFileType = wrapper.application; includeInIndex = 0; path = "三奇.app"; sourceTree = BUILT_PRODUCTS_DIR; };
		1F27641856174D53B332EDD0 /* CDVFileTransfer.h */ = {isa = PBXFileReference; explicitFileType = undefined; fileEncoding = 4; includeInIndex = 0; lastKnownFileType = sourcecode.c.h; name = CDVFileTransfer.h; path = "cordova-plugin-file-transfer/CDVFileTransfer.h"; sourceTree = "<group>"; };
		1F3E00F5FB514A198A987CB2 /* CDVLocalFilesystem.m */ = {isa = PBXFileReference; explicitFileType = undefined; fileEncoding = 4; includeInIndex = 0; lastKnownFileType = sourcecode.c.objc; name = CDVLocalFilesystem.m; path = "cordova-plugin-file/CDVLocalFilesystem.m"; sourceTree = "<group>"; };
		2120A69A37254625A213E3B8 /* SOSPicker.m */ = {isa = PBXFileReference; explicitFileType = undefined; fileEncoding = 4; includeInIndex = 0; lastKnownFileType = sourcecode.c.objc; name = SOSPicker.m; path = "cordova-plugin-image-picker/SOSPicker.m"; sourceTree = "<group>"; };
		265DEAC6BA594EC39549BE7C /* AppVersion.m */ = {isa = PBXFileReference; explicitFileType = undefined; fileEncoding = 4; includeInIndex = 0; lastKnownFileType = sourcecode.c.objc; name = AppVersion.m; path = "cordova-plugin-app-version/AppVersion.m"; sourceTree = "<group>"; };
		29B97316FDCFA39411CA2CEA /* main.m */ = {isa = PBXFileReference; fileEncoding = 4; lastKnownFileType = sourcecode.c.objc; path = main.m; sourceTree = "<group>"; };
		2F151498900F43778D0EDECD /* AVFoundation.framework */ = {isa = PBXFileReference; explicitFileType = undefined; fileEncoding = 9; includeInIndex = 0; lastKnownFileType = wrapper.framework; name = AVFoundation.framework; path = System/Library/Frameworks/AVFoundation.framework; sourceTree = SDKROOT; };
		301BF52D109A57CC0062928A /* CordovaLib/CordovaLib.xcodeproj */ = {isa = PBXFileReference; lastKnownFileType = "wrapper.pb-project"; path = CordovaLib/CordovaLib.xcodeproj; sourceTree = "<group>"; };
		301BF56E109A69640062928A /* www */ = {isa = PBXFileReference; lastKnownFileType = folder; path = www; sourceTree = SOURCE_ROOT; };
		302D95EE14D2391D003F00A1 /* MainViewController.h */ = {isa = PBXFileReference; fileEncoding = 4; lastKnownFileType = sourcecode.c.h; path = MainViewController.h; sourceTree = "<group>"; };
		302D95EF14D2391D003F00A1 /* MainViewController.m */ = {isa = PBXFileReference; fileEncoding = 4; lastKnownFileType = sourcecode.c.objc; path = MainViewController.m; sourceTree = "<group>"; };
		302D95F014D2391D003F00A1 /* MainViewController.xib */ = {isa = PBXFileReference; fileEncoding = 4; lastKnownFileType = file.xib; path = MainViewController.xib; sourceTree = "<group>"; };
		3047A50F1AB8059700498E2A /* build-debug.xcconfig */ = {isa = PBXFileReference; fileEncoding = 4; lastKnownFileType = text.xcconfig; name = "build-debug.xcconfig"; path = "cordova/build-debug.xcconfig"; sourceTree = SOURCE_ROOT; };
		3047A5101AB8059700498E2A /* build-release.xcconfig */ = {isa = PBXFileReference; fileEncoding = 4; lastKnownFileType = text.xcconfig; name = "build-release.xcconfig"; path = "cordova/build-release.xcconfig"; sourceTree = SOURCE_ROOT; };
		3047A5111AB8059700498E2A /* build.xcconfig */ = {isa = PBXFileReference; fileEncoding = 4; lastKnownFileType = text.xcconfig; name = build.xcconfig; path = cordova/build.xcconfig; sourceTree = SOURCE_ROOT; };
		31E4E416C5B54F549530A483 /* startApp.h */ = {isa = PBXFileReference; explicitFileType = undefined; fileEncoding = 4; includeInIndex = 0; lastKnownFileType = sourcecode.c.h; name = startApp.h; path = com.lampa.startapp/startApp.h; sourceTree = "<group>"; };
		32CA4F630368D1EE00C91783 /* 三奇-Prefix.pch */ = {isa = PBXFileReference; fileEncoding = 4; lastKnownFileType = sourcecode.c.h; path = "三奇-Prefix.pch"; sourceTree = "<group>"; };
		346B7861AC9147AEA788893B /* CDVDevice.h */ = {isa = PBXFileReference; explicitFileType = undefined; fileEncoding = 4; includeInIndex = 0; lastKnownFileType = sourcecode.c.h; name = CDVDevice.h; path = "cordova-plugin-device/CDVDevice.h"; sourceTree = "<group>"; };
		385A79E629364B7F85A3EE02 /* APPNotificationContent.h */ = {isa = PBXFileReference; explicitFileType = undefined; fileEncoding = 4; includeInIndex = 0; lastKnownFileType = sourcecode.c.h; name = APPNotificationContent.h; path = "cordova-plugin-local-notification/APPNotificationContent.h"; sourceTree = "<group>"; };
		394EA4A873AD40ADA5E42C58 /* APPLocalNotification.m */ = {isa = PBXFileReference; explicitFileType = undefined; fileEncoding = 4; includeInIndex = 0; lastKnownFileType = sourcecode.c.objc; name = APPLocalNotification.m; path = "cordova-plugin-local-notification/APPLocalNotification.m"; sourceTree = "<group>"; };
		3F328C697E76493899E3669E /* AppVersion.h */ = {isa = PBXFileReference; explicitFileType = undefined; fileEncoding = 4; includeInIndex = 0; lastKnownFileType = sourcecode.c.h; name = AppVersion.h; path = "cordova-plugin-app-version/AppVersion.h"; sourceTree = "<group>"; };
		419262C8281744FF8C8E7FBF /* CDVJpegHeaderWriter.h */ = {isa = PBXFileReference; explicitFileType = undefined; fileEncoding = 4; includeInIndex = 0; lastKnownFileType = sourcecode.c.h; name = CDVJpegHeaderWriter.h; path = "cordova-plugin-camera/CDVJpegHeaderWriter.h"; sourceTree = "<group>"; };
		4ECC250ACA7449D0A41BFBC1 /* CDVSplashScreen.h */ = {isa = PBXFileReference; explicitFileType = undefined; fileEncoding = 4; includeInIndex = 0; lastKnownFileType = sourcecode.c.h; name = CDVSplashScreen.h; path = "cordova-plugin-splashscreen/CDVSplashScreen.h"; sourceTree = "<group>"; };
		4FCB6F3DD3F44CE085A04CBF /* CDVLocalFilesystem.h */ = {isa = PBXFileReference; explicitFileType = undefined; fileEncoding = 4; includeInIndex = 0; lastKnownFileType = sourcecode.c.h; name = CDVLocalFilesystem.h; path = "cordova-plugin-file/CDVLocalFilesystem.h"; sourceTree = "<group>"; };
		51877A0D0F924AC597BD46F3 /* CDVAssetLibraryFilesystem.h */ = {isa = PBXFileReference; explicitFileType = undefined; fileEncoding = 4; includeInIndex = 0; lastKnownFileType = sourcecode.c.h; name = CDVAssetLibraryFilesystem.h; path = "cordova-plugin-file/CDVAssetLibraryFilesystem.h"; sourceTree = "<group>"; };
		53E604C0109C4A94B25C8B6C /* ELCAssetTablePicker.h */ = {isa = PBXFileReference; explicitFileType = undefined; fileEncoding = 4; includeInIndex = 0; lastKnownFileType = sourcecode.c.h; name = ELCAssetTablePicker.h; path = "cordova-plugin-image-picker/ELCAssetTablePicker.h"; sourceTree = "<group>"; };
		573EC6131B934906AC56A93A /* ELCImagePickerController.h */ = {isa = PBXFileReference; explicitFileType = undefined; fileEncoding = 4; includeInIndex = 0; lastKnownFileType = sourcecode.c.h; name = ELCImagePickerController.h; path = "cordova-plugin-image-picker/ELCImagePickerController.h"; sourceTree = "<group>"; };
		57F7C30CB3BF42A7B61B433D /* FileOpener2.m */ = {isa = PBXFileReference; explicitFileType = undefined; fileEncoding = 4; includeInIndex = 0; lastKnownFileType = sourcecode.c.objc; name = FileOpener2.m; path = "cordova-plugin-file-opener2/FileOpener2.m"; sourceTree = "<group>"; };
		600769E174E24034AA6DF7A7 /* CDVViewController+SplashScreen.m */ = {isa = PBXFileReference; explicitFileType = undefined; fileEncoding = 4; includeInIndex = 0; lastKnownFileType = sourcecode.c.objc; name = "CDVViewController+SplashScreen.m"; path = "cordova-plugin-splashscreen/CDVViewController+SplashScreen.m"; sourceTree = "<group>"; };
		6631196BE1334354ACDEF117 /* appbeep.wav */ = {isa = PBXFileReference; explicitFileType = undefined; fileEncoding = 9; includeInIndex = 0; lastKnownFileType = unknown; path = appbeep.wav; sourceTree = "<group>"; };
		66CBA30812E04C79968DD288 /* ELCAsset.h */ = {isa = PBXFileReference; explicitFileType = undefined; fileEncoding = 4; includeInIndex = 0; lastKnownFileType = sourcecode.c.h; name = ELCAsset.h; path = "cordova-plugin-image-picker/ELCAsset.h"; sourceTree = "<group>"; };
		699166276F4644DEA1905A0F /* CDVLocation.m */ = {isa = PBXFileReference; explicitFileType = undefined; fileEncoding = 4; includeInIndex = 0; lastKnownFileType = sourcecode.c.objc; name = CDVLocation.m; path = "cordova-plugin-geolocation/CDVLocation.m"; sourceTree = "<group>"; };
		6AC220131F494390BA0648E2 /* ELCAssetPicker.xib */ = {isa = PBXFileReference; explicitFileType = undefined; fileEncoding = 9; includeInIndex = 0; lastKnownFileType = file.xib; path = ELCAssetPicker.xib; sourceTree = "<group>"; };
		6AFF5BF81D6E424B00AB3073 /* CDVLaunchScreen.storyboard */ = {isa = PBXFileReference; fileEncoding = 4; lastKnownFileType = file.storyboard; name = CDVLaunchScreen.storyboard; path = "三奇/CDVLaunchScreen.storyboard"; sourceTree = SOURCE_ROOT; };
		6B00ECFA4D364BD588F77590 /* AppAvailability.h */ = {isa = PBXFileReference; explicitFileType = undefined; fileEncoding = 4; includeInIndex = 0; lastKnownFileType = sourcecode.c.h; name = AppAvailability.h; path = "cordova-plugin-appavailability/AppAvailability.h"; sourceTree = "<group>"; };
		6B507AF87CFB4FC3BB75CF33 /* APPNotificationOptions.m */ = {isa = PBXFileReference; explicitFileType = undefined; fileEncoding = 4; includeInIndex = 0; lastKnownFileType = sourcecode.c.objc; name = APPNotificationOptions.m; path = "cordova-plugin-local-notification/APPNotificationOptions.m"; sourceTree = "<group>"; };
		6C3E9A6387CD49B09A292A2B /* CDVStatusBar.m */ = {isa = PBXFileReference; explicitFileType = undefined; fileEncoding = 4; includeInIndex = 0; lastKnownFileType = sourcecode.c.objc; name = CDVStatusBar.m; path = "cordova-plugin-statusbar/CDVStatusBar.m"; sourceTree = "<group>"; };
		6E8B72FE05B74A2A8EC56A0F /* ELCAlbumPickerController.xib */ = {isa = PBXFileReference; explicitFileType = undefined; fileEncoding = 9; includeInIndex = 0; lastKnownFileType = file.xib; path = ELCAlbumPickerController.xib; sourceTree = "<group>"; };
		6F0AED408CA64E639F8C8F41 /* CoreLocation.framework */ = {isa = PBXFileReference; explicitFileType = undefined; fileEncoding = 9; includeInIndex = 0; lastKnownFileType = wrapper.framework; name = CoreLocation.framework; path = System/Library/Frameworks/CoreLocation.framework; sourceTree = SDKROOT; };
		70F1390F61DA44DD94880D97 /* ELCAsset.m */ = {isa = PBXFileReference; explicitFileType = undefined; fileEncoding = 4; includeInIndex = 0; lastKnownFileType = sourcecode.c.objc; name = ELCAsset.m; path = "cordova-plugin-image-picker/ELCAsset.m"; sourceTree = "<group>"; };
		7116D6B25E57495BB9BC90B8 /* SOSPicker.h */ = {isa = PBXFileReference; explicitFileType = undefined; fileEncoding = 4; includeInIndex = 0; lastKnownFileType = sourcecode.c.h; name = SOSPicker.h; path = "cordova-plugin-image-picker/SOSPicker.h"; sourceTree = "<group>"; };
		72FDAEF7F61A450A9D80580B /* UNUserNotificationCenter+APPLocalNotification.h */ = {isa = PBXFileReference; explicitFileType = undefined; fileEncoding = 4; includeInIndex = 0; lastKnownFileType = sourcecode.c.h; name = "UNUserNotificationCenter+APPLocalNotification.h"; path = "cordova-plugin-local-notification/UNUserNotificationCenter+APPLocalNotification.h"; sourceTree = "<group>"; };
		7CA3F4EF489F4AA7BD3F5B90 /* UIImage+CropScaleOrientation.m */ = {isa = PBXFileReference; explicitFileType = undefined; fileEncoding = 4; includeInIndex = 0; lastKnownFileType = sourcecode.c.objc; name = "UIImage+CropScaleOrientation.m"; path = "cordova-plugin-camera/UIImage+CropScaleOrientation.m"; sourceTree = "<group>"; };
		7CBD340DA8B6472A9A4C7A48 /* CDVStatusBar.h */ = {isa = PBXFileReference; explicitFileType = undefined; fileEncoding = 4; includeInIndex = 0; lastKnownFileType = sourcecode.c.h; name = CDVStatusBar.h; path = "cordova-plugin-statusbar/CDVStatusBar.h"; sourceTree = "<group>"; };
		7D5A3AB8826140E7ABB3FBF3 /* ELCAssetTablePicker.xib */ = {isa = PBXFileReference; explicitFileType = undefined; fileEncoding = 9; includeInIndex = 0; lastKnownFileType = file.xib; path = ELCAssetTablePicker.xib; sourceTree = "<group>"; };
		8124609B8F614BB981CA8CF5 /* ELCAlbumPickerController.h */ = {isa = PBXFileReference; explicitFileType = undefined; fileEncoding = 4; includeInIndex = 0; lastKnownFileType = sourcecode.c.h; name = ELCAlbumPickerController.h; path = "cordova-plugin-image-picker/ELCAlbumPickerController.h"; sourceTree = "<group>"; };
		8157B2FAE41347DFA218A78D /* CDVInAppBrowser.m */ = {isa = PBXFileReference; explicitFileType = undefined; fileEncoding = 4; includeInIndex = 0; lastKnownFileType = sourcecode.c.objc; name = CDVInAppBrowser.m; path = "cordova-plugin-inappbrowser/CDVInAppBrowser.m"; sourceTree = "<group>"; };
		817A981A4D514CC59A5AA47D /* APPNotificationContent.m */ = {isa = PBXFileReference; explicitFileType = undefined; fileEncoding = 4; includeInIndex = 0; lastKnownFileType = sourcecode.c.objc; name = APPNotificationContent.m; path = "cordova-plugin-local-notification/APPNotificationContent.m"; sourceTree = "<group>"; };
		851B99892DFA46BF886E77D1 /* CDVExif.h */ = {isa = PBXFileReference; explicitFileType = undefined; fileEncoding = 4; includeInIndex = 0; lastKnownFileType = sourcecode.c.h; name = CDVExif.h; path = "cordova-plugin-camera/CDVExif.h"; sourceTree = "<group>"; };
		870B54203B1E415AAEEC5580 /* UNNotificationRequest+APPLocalNotification.h */ = {isa = PBXFileReference; explicitFileType = undefined; fileEncoding = 4; includeInIndex = 0; lastKnownFileType = sourcecode.c.h; name = "UNNotificationRequest+APPLocalNotification.h"; path = "cordova-plugin-local-notification/UNNotificationRequest+APPLocalNotification.h"; sourceTree = "<group>"; };
		8D1107310486CEB800E47090 /* 三奇-Info.plist */ = {isa = PBXFileReference; fileEncoding = 4; lastKnownFileType = text.plist.xml; name = "三奇-Info.plist"; path = "三奇/三奇-Info.plist"; plistStructureDefinitionIdentifier = "com.apple.xcode.plist.structure-definition.iphone.info-plist"; sourceTree = SOURCE_ROOT; };
		8DEB9A88BBB24A0E81CBEF46 /* CDVDevice.m */ = {isa = PBXFileReference; explicitFileType = undefined; fileEncoding = 4; includeInIndex = 0; lastKnownFileType = sourcecode.c.objc; name = CDVDevice.m; path = "cordova-plugin-device/CDVDevice.m"; sourceTree = "<group>"; };
		8F2863458757419185026081 /* APPMethodMagic.m */ = {isa = PBXFileReference; explicitFileType = undefined; fileEncoding = 4; includeInIndex = 0; lastKnownFileType = sourcecode.c.objc; name = APPMethodMagic.m; path = "cordova-plugin-background-mode/APPMethodMagic.m"; sourceTree = "<group>"; };
		92499D2CB780417ABCA10046 /* APPNotificationCategory.h */ = {isa = PBXFileReference; explicitFileType = undefined; fileEncoding = 4; includeInIndex = 0; lastKnownFileType = sourcecode.c.h; name = APPNotificationCategory.h; path = "cordova-plugin-local-notification/APPNotificationCategory.h"; sourceTree = "<group>"; };
		9254367A875F43CC864C1985 /* CDVCamera.h */ = {isa = PBXFileReference; explicitFileType = undefined; fileEncoding = 4; includeInIndex = 0; lastKnownFileType = sourcecode.c.h; name = CDVCamera.h; path = "cordova-plugin-camera/CDVCamera.h"; sourceTree = "<group>"; };
		941EC1C68676495BBA2A55CC /* ELCAssetCell.m */ = {isa = PBXFileReference; explicitFileType = undefined; fileEncoding = 4; includeInIndex = 0; lastKnownFileType = sourcecode.c.objc; name = ELCAssetCell.m; path = "cordova-plugin-image-picker/ELCAssetCell.m"; sourceTree = "<group>"; };
		9EED558736BB46B1AB95627A /* ELCAlbumPickerController.m */ = {isa = PBXFileReference; explicitFileType = undefined; fileEncoding = 4; includeInIndex = 0; lastKnownFileType = sourcecode.c.objc; name = ELCAlbumPickerController.m; path = "cordova-plugin-image-picker/ELCAlbumPickerController.m"; sourceTree = "<group>"; };
		A430E9EC0DE3438AB4CA8C7C /* APPBadge.m */ = {isa = PBXFileReference; explicitFileType = undefined; fileEncoding = 4; includeInIndex = 0; lastKnownFileType = sourcecode.c.objc; name = APPBadge.m; path = "cordova-plugin-badge/APPBadge.m"; sourceTree = "<group>"; };
		A756B6661ED54D72A8541FFE /* APPMethodMagic.h */ = {isa = PBXFileReference; explicitFileType = undefined; fileEncoding = 4; includeInIndex = 0; lastKnownFileType = sourcecode.c.h; name = APPMethodMagic.h; path = "cordova-plugin-background-mode/APPMethodMagic.h"; sourceTree = "<group>"; };
		ACA3E9B297214E3C9FC122B2 /* CDVCamera.m */ = {isa = PBXFileReference; explicitFileType = undefined; fileEncoding = 4; includeInIndex = 0; lastKnownFileType = sourcecode.c.objc; name = CDVCamera.m; path = "cordova-plugin-camera/CDVCamera.m"; sourceTree = "<group>"; };
		ACD3BA14FBC342AF8C46613E /* UNNotificationRequest+APPLocalNotification.m */ = {isa = PBXFileReference; explicitFileType = undefined; fileEncoding = 4; includeInIndex = 0; lastKnownFileType = sourcecode.c.objc; name = "UNNotificationRequest+APPLocalNotification.m"; path = "cordova-plugin-local-notification/UNNotificationRequest+APPLocalNotification.m"; sourceTree = "<group>"; };
		AEC5ABBBC3C443A8A19A851D /* ELCAssetPickerFilterDelegate.h */ = {isa = PBXFileReference; explicitFileType = undefined; fileEncoding = 4; includeInIndex = 0; lastKnownFileType = sourcecode.c.h; name = ELCAssetPickerFilterDelegate.h; path = "cordova-plugin-image-picker/ELCAssetPickerFilterDelegate.h"; sourceTree = "<group>"; };
		B378DF6689064CA28354A0D8 /* UNUserNotificationCenter+APPLocalNotification.m */ = {isa = PBXFileReference; explicitFileType = undefined; fileEncoding = 4; includeInIndex = 0; lastKnownFileType = sourcecode.c.objc; name = "UNUserNotificationCenter+APPLocalNotification.m"; path = "cordova-plugin-local-notification/UNUserNotificationCenter+APPLocalNotification.m"; sourceTree = "<group>"; };
		B388406CEFE246C49C374F64 /* APPBackgroundMode.m */ = {isa = PBXFileReference; explicitFileType = undefined; fileEncoding = 4; includeInIndex = 0; lastKnownFileType = sourcecode.c.objc; name = APPBackgroundMode.m; path = "cordova-plugin-background-mode/APPBackgroundMode.m"; sourceTree = "<group>"; };
		BCA36EA0FBA546789F9B2439 /* UIImage+CropScaleOrientation.h */ = {isa = PBXFileReference; explicitFileType = undefined; fileEncoding = 4; includeInIndex = 0; lastKnownFileType = sourcecode.c.h; name = "UIImage+CropScaleOrientation.h"; path = "cordova-plugin-camera/UIImage+CropScaleOrientation.h"; sourceTree = "<group>"; };
		C0366C53A4574182AA3954F5 /* Overlay@2x.png */ = {isa = PBXFileReference; explicitFileType = undefined; fileEncoding = 9; includeInIndex = 0; lastKnownFileType = unknown; path = "Overlay@2x.png"; sourceTree = "<group>"; };
		C4F876DD0FDA43C7B21F4DB4 /* APPNotificationCategory.m */ = {isa = PBXFileReference; explicitFileType = undefined; fileEncoding = 4; includeInIndex = 0; lastKnownFileType = sourcecode.c.objc; name = APPNotificationCategory.m; path = "cordova-plugin-local-notification/APPNotificationCategory.m"; sourceTree = "<group>"; };
		C5BD8E7641F0408F86AEA77A /* ELCAssetSelectionDelegate.h */ = {isa = PBXFileReference; explicitFileType = undefined; fileEncoding = 4; includeInIndex = 0; lastKnownFileType = sourcecode.c.h; name = ELCAssetSelectionDelegate.h; path = "cordova-plugin-image-picker/ELCAssetSelectionDelegate.h"; sourceTree = "<group>"; };
		C600BF51B4384B9489CCF8FF /* Overlay.png */ = {isa = PBXFileReference; explicitFileType = undefined; fileEncoding = 9; includeInIndex = 0; lastKnownFileType = unknown; path = Overlay.png; sourceTree = "<group>"; };
		C6202DD9BCC044D38CE72DE6 /* UserNotifications.framework */ = {isa = PBXFileReference; explicitFileType = undefined; fileEncoding = 9; includeInIndex = 0; lastKnownFileType = wrapper.framework; name = UserNotifications.framework; path = System/Library/Frameworks/UserNotifications.framework; sourceTree = SDKROOT; };
		CA4DAEA272EE4B0A957EAB10 /* CDVSplashScreen.m */ = {isa = PBXFileReference; explicitFileType = undefined; fileEncoding = 4; includeInIndex = 0; lastKnownFileType = sourcecode.c.objc; name = CDVSplashScreen.m; path = "cordova-plugin-splashscreen/CDVSplashScreen.m"; sourceTree = "<group>"; };
		CA50BE60BB4C44CD8534DA25 /* APPBackgroundMode.h */ = {isa = PBXFileReference; explicitFileType = undefined; fileEncoding = 4; includeInIndex = 0; lastKnownFileType = sourcecode.c.h; name = APPBackgroundMode.h; path = "cordova-plugin-background-mode/APPBackgroundMode.h"; sourceTree = "<group>"; };
		CC841FDFF8D3414380F961E5 /* startApp.m */ = {isa = PBXFileReference; explicitFileType = undefined; fileEncoding = 4; includeInIndex = 0; lastKnownFileType = sourcecode.c.objc; name = startApp.m; path = com.lampa.startapp/startApp.m; sourceTree = "<group>"; };
		CC96BADB7A604F76BC24DAAE /* CDVJpegHeaderWriter.m */ = {isa = PBXFileReference; explicitFileType = undefined; fileEncoding = 4; includeInIndex = 0; lastKnownFileType = sourcecode.c.objc; name = CDVJpegHeaderWriter.m; path = "cordova-plugin-camera/CDVJpegHeaderWriter.m"; sourceTree = "<group>"; };
		CD11B8DE4F6A4DBB8F4645F6 /* CDVInAppBrowser.h */ = {isa = PBXFileReference; explicitFileType = undefined; fileEncoding = 4; includeInIndex = 0; lastKnownFileType = sourcecode.c.h; name = CDVInAppBrowser.h; path = "cordova-plugin-inappbrowser/CDVInAppBrowser.h"; sourceTree = "<group>"; };
		D15302ABFFFB4E6489074AED /* ELCAssetTablePicker.m */ = {isa = PBXFileReference; explicitFileType = undefined; fileEncoding = 4; includeInIndex = 0; lastKnownFileType = sourcecode.c.objc; name = ELCAssetTablePicker.m; path = "cordova-plugin-image-picker/ELCAssetTablePicker.m"; sourceTree = "<group>"; };
		D5E076391CC7488CA0BE37E1 /* ImageIO.framework */ = {isa = PBXFileReference; explicitFileType = undefined; fileEncoding = 9; includeInIndex = 0; lastKnownFileType = wrapper.framework; name = ImageIO.framework; path = System/Library/Frameworks/ImageIO.framework; sourceTree = SDKROOT; };
		E25A229B27FF484683D0719A /* FileOpener2.h */ = {isa = PBXFileReference; explicitFileType = undefined; fileEncoding = 4; includeInIndex = 0; lastKnownFileType = sourcecode.c.h; name = FileOpener2.h; path = "cordova-plugin-file-opener2/FileOpener2.h"; sourceTree = "<group>"; };
		E8E31AE89A974F10ABA98045 /* CDVFile.h */ = {isa = PBXFileReference; explicitFileType = undefined; fileEncoding = 4; includeInIndex = 0; lastKnownFileType = sourcecode.c.h; name = CDVFile.h; path = "cordova-plugin-file/CDVFile.h"; sourceTree = "<group>"; };
		E8F41E497E62459F9C211509 /* AppDelegate+APPRegisterUserNotificationSettings.m */ = {isa = PBXFileReference; explicitFileType = undefined; fileEncoding = 4; includeInIndex = 0; lastKnownFileType = sourcecode.c.objc; name = "AppDelegate+APPRegisterUserNotificationSettings.m"; path = "cordova-plugin-registerusernotificationsettings/AppDelegate+APPRegisterUserNotificationSettings.m"; sourceTree = "<group>"; };
		EA932BB64D274C429C9709C8 /* IonicKeyboard.m */ = {isa = PBXFileReference; explicitFileType = undefined; fileEncoding = 4; includeInIndex = 0; lastKnownFileType = sourcecode.c.objc; name = IonicKeyboard.m; path = "ionic-plugin-keyboard/IonicKeyboard.m"; sourceTree = "<group>"; };
		EB87FDF31871DA8E0020F90C /* www */ = {isa = PBXFileReference; lastKnownFileType = folder; name = www; path = ../../www; sourceTree = "<group>"; };
		EB87FDF41871DAF40020F90C /* config.xml */ = {isa = PBXFileReference; lastKnownFileType = text.xml; name = config.xml; path = ../../config.xml; sourceTree = "<group>"; };
		ED33DF2A687741AEAF9F8254 /* Bridging-Header.h */ = {isa = PBXFileReference; fileEncoding = 4; lastKnownFileType = sourcecode.c.h; path = "Bridging-Header.h"; sourceTree = "<group>"; };
		EE3642B1414F40059BBA39A6 /* CDVAssetLibraryFilesystem.m */ = {isa = PBXFileReference; explicitFileType = undefined; fileEncoding = 4; includeInIndex = 0; lastKnownFileType = sourcecode.c.objc; name = CDVAssetLibraryFilesystem.m; path = "cordova-plugin-file/CDVAssetLibraryFilesystem.m"; sourceTree = "<group>"; };
		F6A4E9D4B70D415EB288AAB6 /* CDVFile.m */ = {isa = PBXFileReference; explicitFileType = undefined; fileEncoding = 4; includeInIndex = 0; lastKnownFileType = sourcecode.c.objc; name = CDVFile.m; path = "cordova-plugin-file/CDVFile.m"; sourceTree = "<group>"; };
		F7A1C81FF3614AA396B08F60 /* APPLocalNotification.h */ = {isa = PBXFileReference; explicitFileType = undefined; fileEncoding = 4; includeInIndex = 0; lastKnownFileType = sourcecode.c.h; name = APPLocalNotification.h; path = "cordova-plugin-local-notification/APPLocalNotification.h"; sourceTree = "<group>"; };
		F840E1F0165FE0F500CFE078 /* config.xml */ = {isa = PBXFileReference; lastKnownFileType = text.xml; name = config.xml; path = "三奇/config.xml"; sourceTree = "<group>"; };
		FD0700E5817847B4B3E3C714 /* IonicKeyboard.h */ = {isa = PBXFileReference; explicitFileType = undefined; fileEncoding = 4; includeInIndex = 0; lastKnownFileType = sourcecode.c.h; name = IonicKeyboard.h; path = "ionic-plugin-keyboard/IonicKeyboard.h"; sourceTree = "<group>"; };
/* End PBXFileReference section */

/* Begin PBXFrameworksBuildPhase section */
		1D60588F0D05DD3D006BFB54 /* Frameworks */ = {
			isa = PBXFrameworksBuildPhase;
			buildActionMask = 2147483647;
			files = (
				301BF552109A68D80062928A /* libCordova.a in Frameworks */,
				9390D81140CC471D8870DEE6 /* ImageIO.framework in Frameworks */,
				BE1E3510FE6F42A984766D88 /* CoreLocation.framework in Frameworks */,
				61355C1BAF7F4840935C3803 /* AVFoundation.framework in Frameworks */,
				2AAEEC52D1224B5AAEA4F3AD /* UserNotifications.framework in Frameworks */,
			);
			runOnlyForDeploymentPostprocessing = 0;
		};
/* End PBXFrameworksBuildPhase section */

/* Begin PBXGroup section */
		080E96DDFE201D6D7F000001 /* Classes */ = {
			isa = PBXGroup;
			children = (
				302D95EE14D2391D003F00A1 /* MainViewController.h */,
				302D95EF14D2391D003F00A1 /* MainViewController.m */,
				302D95F014D2391D003F00A1 /* MainViewController.xib */,
				1D3623240D0F684500981E51 /* AppDelegate.h */,
				1D3623250D0F684500981E51 /* AppDelegate.m */,
			);
			name = Classes;
			path = "三奇/Classes";
			sourceTree = SOURCE_ROOT;
		};
		19C28FACFE9D520D11CA2CBB /* Products */ = {
			isa = PBXGroup;
			children = (
				1D6058910D05DD3D006BFB54 /* 三奇.app */,
			);
			name = Products;
			sourceTree = "<group>";
		};
		29B97314FDCFA39411CA2CEA /* CustomTemplate */ = {
			isa = PBXGroup;
			children = (
				EB87FDF41871DAF40020F90C /* config.xml */,
				EB87FDF31871DA8E0020F90C /* www */,
				EB87FDF11871DA420020F90C /* Staging */,
				301BF52D109A57CC0062928A /* CordovaLib/CordovaLib.xcodeproj */,
				080E96DDFE201D6D7F000001 /* Classes */,
				307C750510C5A3420062BCA9 /* Plugins */,
				29B97315FDCFA39411CA2CEA /* Other Sources */,
				29B97317FDCFA39411CA2CEA /* Resources */,
				29B97323FDCFA39411CA2CEA /* Frameworks */,
				19C28FACFE9D520D11CA2CBB /* Products */,
			);
			name = CustomTemplate;
			sourceTree = "<group>";
		};
		29B97315FDCFA39411CA2CEA /* Other Sources */ = {
			isa = PBXGroup;
			children = (
				32CA4F630368D1EE00C91783 /* 三奇-Prefix.pch */,
				29B97316FDCFA39411CA2CEA /* main.m */,
				ED33DF2A687741AEAF9F8254 /* Bridging-Header.h */,
			);
			name = "Other Sources";
			path = "三奇";
			sourceTree = "<group>";
		};
		29B97317FDCFA39411CA2CEA /* Resources */ = {
			isa = PBXGroup;
			children = (
				0207DA571B56EA530066E2B4 /* Images.xcassets */,
				3047A50E1AB8057F00498E2A /* config */,
				8D1107310486CEB800E47090 /* 三奇-Info.plist */,
				6AFF5BF81D6E424B00AB3073 /* CDVLaunchScreen.storyboard */,
				6631196BE1334354ACDEF117 /* appbeep.wav */,
				6E8B72FE05B74A2A8EC56A0F /* ELCAlbumPickerController.xib */,
				6AC220131F494390BA0648E2 /* ELCAssetPicker.xib */,
				7D5A3AB8826140E7ABB3FBF3 /* ELCAssetTablePicker.xib */,
				C600BF51B4384B9489CCF8FF /* Overlay.png */,
				C0366C53A4574182AA3954F5 /* Overlay@2x.png */,
			);
			name = Resources;
			path = "三奇/Resources";
			sourceTree = "<group>";
		};
		29B97323FDCFA39411CA2CEA /* Frameworks */ = {
			isa = PBXGroup;
			children = (
				D5E076391CC7488CA0BE37E1 /* ImageIO.framework */,
				6F0AED408CA64E639F8C8F41 /* CoreLocation.framework */,
				2F151498900F43778D0EDECD /* AVFoundation.framework */,
				C6202DD9BCC044D38CE72DE6 /* UserNotifications.framework */,
			);
			name = Frameworks;
			sourceTree = "<group>";
		};
		301BF52E109A57CC0062928A /* Products */ = {
			isa = PBXGroup;
			children = (
				301BF535109A57CC0062928A /* libCordova.a */,
				AAED70A121BA377600920FA0 /* Cordova.framework */,
			);
			name = Products;
			sourceTree = "<group>";
		};
		3047A50E1AB8057F00498E2A /* config */ = {
			isa = PBXGroup;
			children = (
				3047A50F1AB8059700498E2A /* build-debug.xcconfig */,
				3047A5101AB8059700498E2A /* build-release.xcconfig */,
				3047A5111AB8059700498E2A /* build.xcconfig */,
			);
			name = config;
			sourceTree = "<group>";
		};
		307C750510C5A3420062BCA9 /* Plugins */ = {
			isa = PBXGroup;
			children = (
				CC841FDFF8D3414380F961E5 /* startApp.m */,
				31E4E416C5B54F549530A483 /* startApp.h */,
				265DEAC6BA594EC39549BE7C /* AppVersion.m */,
				3F328C697E76493899E3669E /* AppVersion.h */,
				15DB14FC918746489A2B5D38 /* AppAvailability.m */,
				6B00ECFA4D364BD588F77590 /* AppAvailability.h */,
				8DEB9A88BBB24A0E81CBEF46 /* CDVDevice.m */,
				346B7861AC9147AEA788893B /* CDVDevice.h */,
				B388406CEFE246C49C374F64 /* APPBackgroundMode.m */,
				8F2863458757419185026081 /* APPMethodMagic.m */,
				CA50BE60BB4C44CD8534DA25 /* APPBackgroundMode.h */,
				A756B6661ED54D72A8541FFE /* APPMethodMagic.h */,
				A430E9EC0DE3438AB4CA8C7C /* APPBadge.m */,
				019C644949B0443FA738D131 /* APPBadge.h */,
				7CA3F4EF489F4AA7BD3F5B90 /* UIImage+CropScaleOrientation.m */,
				ACA3E9B297214E3C9FC122B2 /* CDVCamera.m */,
				CC96BADB7A604F76BC24DAAE /* CDVJpegHeaderWriter.m */,
				BCA36EA0FBA546789F9B2439 /* UIImage+CropScaleOrientation.h */,
				9254367A875F43CC864C1985 /* CDVCamera.h */,
				419262C8281744FF8C8E7FBF /* CDVJpegHeaderWriter.h */,
				851B99892DFA46BF886E77D1 /* CDVExif.h */,
				F6A4E9D4B70D415EB288AAB6 /* CDVFile.m */,
				1F3E00F5FB514A198A987CB2 /* CDVLocalFilesystem.m */,
				EE3642B1414F40059BBA39A6 /* CDVAssetLibraryFilesystem.m */,
				E8E31AE89A974F10ABA98045 /* CDVFile.h */,
				4FCB6F3DD3F44CE085A04CBF /* CDVLocalFilesystem.h */,
				51877A0D0F924AC597BD46F3 /* CDVAssetLibraryFilesystem.h */,
				57F7C30CB3BF42A7B61B433D /* FileOpener2.m */,
				E25A229B27FF484683D0719A /* FileOpener2.h */,
				0E7A336702004CF6ADCBB1BB /* CDVFileTransfer.m */,
				1F27641856174D53B332EDD0 /* CDVFileTransfer.h */,
				699166276F4644DEA1905A0F /* CDVLocation.m */,
				1575A9991F2F4EE3B11B2399 /* CDVLocation.h */,
				2120A69A37254625A213E3B8 /* SOSPicker.m */,
				9EED558736BB46B1AB95627A /* ELCAlbumPickerController.m */,
				70F1390F61DA44DD94880D97 /* ELCAsset.m */,
				941EC1C68676495BBA2A55CC /* ELCAssetCell.m */,
				D15302ABFFFB4E6489074AED /* ELCAssetTablePicker.m */,
				0F4CB191A7D5462AB9FDCDA5 /* ELCImagePickerController.m */,
				7116D6B25E57495BB9BC90B8 /* SOSPicker.h */,
				8124609B8F614BB981CA8CF5 /* ELCAlbumPickerController.h */,
				66CBA30812E04C79968DD288 /* ELCAsset.h */,
				07476386526E476E82262684 /* ELCAssetCell.h */,
				AEC5ABBBC3C443A8A19A851D /* ELCAssetPickerFilterDelegate.h */,
				C5BD8E7641F0408F86AEA77A /* ELCAssetSelectionDelegate.h */,
				53E604C0109C4A94B25C8B6C /* ELCAssetTablePicker.h */,
				573EC6131B934906AC56A93A /* ELCImagePickerController.h */,
				8157B2FAE41347DFA218A78D /* CDVInAppBrowser.m */,
				CD11B8DE4F6A4DBB8F4645F6 /* CDVInAppBrowser.h */,
				394EA4A873AD40ADA5E42C58 /* APPLocalNotification.m */,
				C4F876DD0FDA43C7B21F4DB4 /* APPNotificationCategory.m */,
				817A981A4D514CC59A5AA47D /* APPNotificationContent.m */,
				6B507AF87CFB4FC3BB75CF33 /* APPNotificationOptions.m */,
				B378DF6689064CA28354A0D8 /* UNUserNotificationCenter+APPLocalNotification.m */,
				ACD3BA14FBC342AF8C46613E /* UNNotificationRequest+APPLocalNotification.m */,
				F7A1C81FF3614AA396B08F60 /* APPLocalNotification.h */,
				92499D2CB780417ABCA10046 /* APPNotificationCategory.h */,
				385A79E629364B7F85A3EE02 /* APPNotificationContent.h */,
				14FF9749FE5546888BF8D29D /* APPNotificationOptions.h */,
				72FDAEF7F61A450A9D80580B /* UNUserNotificationCenter+APPLocalNotification.h */,
				870B54203B1E415AAEEC5580 /* UNNotificationRequest+APPLocalNotification.h */,
				E8F41E497E62459F9C211509 /* AppDelegate+APPRegisterUserNotificationSettings.m */,
				0F74E16238314832AC2941BE /* AppDelegate+APPRegisterUserNotificationSettings.h */,
				CA4DAEA272EE4B0A957EAB10 /* CDVSplashScreen.m */,
				600769E174E24034AA6DF7A7 /* CDVViewController+SplashScreen.m */,
				4ECC250ACA7449D0A41BFBC1 /* CDVSplashScreen.h */,
				044AD68760F0418BBC334F07 /* CDVViewController+SplashScreen.h */,
				6C3E9A6387CD49B09A292A2B /* CDVStatusBar.m */,
				7CBD340DA8B6472A9A4C7A48 /* CDVStatusBar.h */,
				EA932BB64D274C429C9709C8 /* IonicKeyboard.m */,
				FD0700E5817847B4B3E3C714 /* IonicKeyboard.h */,
			);
			name = Plugins;
			path = "三奇/Plugins";
			sourceTree = SOURCE_ROOT;
		};
		EB87FDF11871DA420020F90C /* Staging */ = {
			isa = PBXGroup;
			children = (
				F840E1F0165FE0F500CFE078 /* config.xml */,
				301BF56E109A69640062928A /* www */,
			);
			name = Staging;
			sourceTree = "<group>";
		};
/* End PBXGroup section */

/* Begin PBXNativeTarget section */
		1D6058900D05DD3D006BFB54 /* 三奇 */ = {
			isa = PBXNativeTarget;
			buildConfigurationList = 1D6058960D05DD3E006BFB54 /* Build configuration list for PBXNativeTarget "三奇" */;
			buildPhases = (
				304B58A110DAC018002A0835 /* Copy www directory */,
				1D60588D0D05DD3D006BFB54 /* Resources */,
				1D60588E0D05DD3D006BFB54 /* Sources */,
				1D60588F0D05DD3D006BFB54 /* Frameworks */,
			);
			buildRules = (
			);
			dependencies = (
				301BF551109A68C00062928A /* PBXTargetDependency */,
			);
			name = "三奇";
			productName = "三奇";
			productReference = 1D6058910D05DD3D006BFB54 /* 三奇.app */;
			productType = "com.apple.product-type.application";
		};
/* End PBXNativeTarget section */

/* Begin PBXProject section */
		29B97313FDCFA39411CA2CEA /* Project object */ = {
			isa = PBXProject;
			attributes = {
				LastUpgradeCheck = 510;
				TargetAttributes = {
					1D6058900D05DD3D006BFB54 = {
						DevelopmentTeam = 7NSCTDZ46P;
					};
				};
			};
			buildConfigurationList = C01FCF4E08A954540054247B /* Build configuration list for PBXProject "三奇" */;
			compatibilityVersion = "Xcode 3.2";
			developmentRegion = English;
			hasScannedForEncodings = 1;
			knownRegions = (
				en,
			);
			mainGroup = 29B97314FDCFA39411CA2CEA /* CustomTemplate */;
			projectDirPath = "";
			projectReferences = (
				{
					ProductGroup = 301BF52E109A57CC0062928A /* Products */;
					ProjectRef = 301BF52D109A57CC0062928A /* CordovaLib/CordovaLib.xcodeproj */;
				},
			);
			projectRoot = "";
			targets = (
				1D6058900D05DD3D006BFB54 /* 三奇 */,
			);
		};
/* End PBXProject section */

/* Begin PBXReferenceProxy section */
		301BF535109A57CC0062928A /* libCordova.a */ = {
			isa = PBXReferenceProxy;
			fileType = archive.ar;
			path = libCordova.a;
			remoteRef = 301BF534109A57CC0062928A /* PBXContainerItemProxy */;
			sourceTree = BUILT_PRODUCTS_DIR;
		};
		AAED70A121BA377600920FA0 /* Cordova.framework */ = {
			isa = PBXReferenceProxy;
			fileType = wrapper.framework;
			path = Cordova.framework;
			remoteRef = AAED70A021BA377600920FA0 /* PBXContainerItemProxy */;
			sourceTree = BUILT_PRODUCTS_DIR;
		};
/* End PBXReferenceProxy section */

/* Begin PBXResourcesBuildPhase section */
		1D60588D0D05DD3D006BFB54 /* Resources */ = {
			isa = PBXResourcesBuildPhase;
			buildActionMask = 2147483647;
			files = (
				302D95F214D2391D003F00A1 /* MainViewController.xib in Resources */,
				0207DA581B56EA530066E2B4 /* Images.xcassets in Resources */,
				6AFF5BF91D6E424B00AB3073 /* CDVLaunchScreen.storyboard in Resources */,
				DEC3DC397EB34595A4F0E76E /* appbeep.wav in Resources */,
				EEF272E5C8904B93821EC33B /* ELCAlbumPickerController.xib in Resources */,
				79B8A2BCF8834511ACB4F02F /* ELCAssetPicker.xib in Resources */,
				24C68B784F9648F2BC34839C /* ELCAssetTablePicker.xib in Resources */,
				141E44B098954E48A067A1CA /* Overlay.png in Resources */,
				4D5D4DB197B24C47A01CB50B /* Overlay@2x.png in Resources */,
			);
			runOnlyForDeploymentPostprocessing = 0;
		};
/* End PBXResourcesBuildPhase section */

/* Begin PBXShellScriptBuildPhase section */
		304B58A110DAC018002A0835 /* Copy www directory */ = {
			isa = PBXShellScriptBuildPhase;
			buildActionMask = 2147483647;
			files = (
			);
			inputPaths = (
			);
			name = "Copy www directory";
			outputPaths = (
			);
			runOnlyForDeploymentPostprocessing = 0;
			shellPath = /bin/sh;
			shellScript = "NODEJS_PATH=/usr/local/bin; NVM_NODE_PATH=~/.nvm/versions/node/`nvm version 2>/dev/null`/bin; N_NODE_PATH=`find /usr/local/n/versions/node/* -maxdepth 0 -type d 2>/dev/null | tail -1`/bin; XCODE_NODE_PATH=`xcode-select --print-path`/usr/share/xcs/Node/bin; PATH=$NODEJS_PATH:$NVM_NODE_PATH:$N_NODE_PATH:$XCODE_NODE_PATH:$PATH && node cordova/lib/copy-www-build-step.js";
			showEnvVarsInLog = 0;
		};
/* End PBXShellScriptBuildPhase section */

/* Begin PBXSourcesBuildPhase section */
		1D60588E0D05DD3D006BFB54 /* Sources */ = {
			isa = PBXSourcesBuildPhase;
			buildActionMask = 2147483647;
			files = (
				1D60589B0D05DD56006BFB54 /* main.m in Sources */,
				1D3623260D0F684500981E51 /* AppDelegate.m in Sources */,
				302D95F114D2391D003F00A1 /* MainViewController.m in Sources */,
				6D6064F90CC64CCD8AA5212E /* startApp.m in Sources */,
				AFB9777A2F954722B5D26BAD /* AppVersion.m in Sources */,
				1045B025B0B54219860FCF90 /* AppAvailability.m in Sources */,
				EE9E0A7A20E4474AAB6E0BFC /* CDVDevice.m in Sources */,
				BA5D67E1F6284760A4D17092 /* APPBackgroundMode.m in Sources */,
				53C23A2013354CFF9250F713 /* APPMethodMagic.m in Sources */,
				E176C75E89C8426C9F1DAAA4 /* APPBadge.m in Sources */,
				88EF1F8697064B7BBA8773BD /* UIImage+CropScaleOrientation.m in Sources */,
				824CBF6F05F0425D9CD9C0DB /* CDVCamera.m in Sources */,
				AFB7EF84436042E4B2F7A411 /* CDVJpegHeaderWriter.m in Sources */,
				0B3483E936EA40FEAAF197F1 /* CDVFile.m in Sources */,
				5EEA11993D3D4FC09D41766E /* CDVLocalFilesystem.m in Sources */,
				456671A464414DE597DACBAF /* CDVAssetLibraryFilesystem.m in Sources */,
				36AECF953E3243A4A3DE740B /* FileOpener2.m in Sources */,
				29DD3FC21413429489B2C8BD /* CDVFileTransfer.m in Sources */,
				495CF40674B042FCBA2DE77A /* CDVLocation.m in Sources */,
				3B2451B5236C4914B29ADB8A /* SOSPicker.m in Sources */,
				64402D9F0C774D718F0394CE /* ELCAlbumPickerController.m in Sources */,
				A215EBFDBC3E4AECAFAE2929 /* ELCAsset.m in Sources */,
				02F5EF736885487ABF52487B /* ELCAssetCell.m in Sources */,
				C339C3C13E634005A064A80C /* ELCAssetTablePicker.m in Sources */,
				BFC03126AEF14262B972D6EE /* ELCImagePickerController.m in Sources */,
				3E7680E6F4C8493F91D39655 /* CDVInAppBrowser.m in Sources */,
				4C5EAC8AAE0047E78D95C7FD /* APPLocalNotification.m in Sources */,
				59D2C25FA419437B99C3DB79 /* APPNotificationCategory.m in Sources */,
				9BBF58FBF20B4A0EB52C30AF /* APPNotificationContent.m in Sources */,
				17FD457CB3F64C549F89E783 /* APPNotificationOptions.m in Sources */,
				EF35AFE4DFB44667BEA7AE8A /* UNUserNotificationCenter+APPLocalNotification.m in Sources */,
				FA5C1846C0CA4D92A89E53FB /* UNNotificationRequest+APPLocalNotification.m in Sources */,
				15703808557D4E8BB7A65D83 /* AppDelegate+APPRegisterUserNotificationSettings.m in Sources */,
				D21EA8A6F8DF4E52BFE7928A /* CDVSplashScreen.m in Sources */,
				5FE05573D74B4D529706D78D /* CDVViewController+SplashScreen.m in Sources */,
				E51B256630234483813A1ECE /* CDVStatusBar.m in Sources */,
				51F6EF75FDD64FF58E99E2DC /* IonicKeyboard.m in Sources */,
			);
			runOnlyForDeploymentPostprocessing = 0;
		};
/* End PBXSourcesBuildPhase section */

/* Begin PBXTargetDependency section */
		301BF551109A68C00062928A /* PBXTargetDependency */ = {
			isa = PBXTargetDependency;
			name = CordovaLib;
			targetProxy = 301BF550109A68C00062928A /* PBXContainerItemProxy */;
		};
/* End PBXTargetDependency section */

/* Begin XCBuildConfiguration section */
		1D6058940D05DD3E006BFB54 /* Debug */ = {
			isa = XCBuildConfiguration;
			baseConfigurationReference = 3047A50F1AB8059700498E2A /* build-debug.xcconfig */;
			buildSettings = {
				ALWAYS_SEARCH_USER_PATHS = NO;
				ASSETCATALOG_COMPILER_APPICON_NAME = AppIcon;
				ASSETCATALOG_COMPILER_LAUNCHIMAGE_NAME = LaunchImage;
				CLANG_ENABLE_MODULES = YES;
				CLANG_ENABLE_OBJC_ARC = YES;
				COPY_PHASE_STRIP = NO;
				DEVELOPMENT_TEAM = 7NSCTDZ46P;
				GCC_DYNAMIC_NO_PIC = NO;
				GCC_OPTIMIZATION_LEVEL = 0;
				GCC_PRECOMPILE_PREFIX_HEADER = YES;
				GCC_PREFIX_HEADER = "三奇/三奇-Prefix.pch";
				GCC_THUMB_SUPPORT = NO;
				GCC_VERSION = "";
				INFOPLIST_FILE = "三奇/三奇-Info.plist";
				IPHONEOS_DEPLOYMENT_TARGET = 9.0;
				LD_RUNPATH_SEARCH_PATHS = "@executable_path/Frameworks";
				PRODUCT_NAME = "三奇";
				TARGETED_DEVICE_FAMILY = "1,2";
			};
			name = Debug;
		};
		1D6058950D05DD3E006BFB54 /* Release */ = {
			isa = XCBuildConfiguration;
			baseConfigurationReference = 3047A5101AB8059700498E2A /* build-release.xcconfig */;
			buildSettings = {
				ALWAYS_SEARCH_USER_PATHS = NO;
				ASSETCATALOG_COMPILER_APPICON_NAME = AppIcon;
				ASSETCATALOG_COMPILER_LAUNCHIMAGE_NAME = LaunchImage;
				CLANG_ENABLE_MODULES = YES;
				CLANG_ENABLE_OBJC_ARC = YES;
				COPY_PHASE_STRIP = YES;
				DEVELOPMENT_TEAM = 7NSCTDZ46P;
				GCC_PRECOMPILE_PREFIX_HEADER = YES;
				GCC_PREFIX_HEADER = "三奇/三奇-Prefix.pch";
				GCC_THUMB_SUPPORT = NO;
				GCC_VERSION = "";
				INFOPLIST_FILE = "三奇/三奇-Info.plist";
				IPHONEOS_DEPLOYMENT_TARGET = 9.0;
				LD_RUNPATH_SEARCH_PATHS = "@executable_path/Frameworks";
				PRODUCT_NAME = "三奇";
				TARGETED_DEVICE_FAMILY = "1,2";
			};
			name = Release;
		};
		C01FCF4F08A954540054247B /* Debug */ = {
			isa = XCBuildConfiguration;
			baseConfigurationReference = 3047A5111AB8059700498E2A /* build.xcconfig */;
			buildSettings = {
				ASSETCATALOG_COMPILER_LAUNCHIMAGE_NAME = LaunchImage;
				CLANG_ENABLE_MODULES = YES;
				CLANG_ENABLE_OBJC_ARC = YES;
				CLANG_WARN_BOOL_CONVERSION = YES;
				CLANG_WARN_CONSTANT_CONVERSION = YES;
				CLANG_WARN_EMPTY_BODY = YES;
				CLANG_WARN_ENUM_CONVERSION = YES;
				CLANG_WARN_INT_CONVERSION = YES;
				CLANG_WARN__DUPLICATE_METHOD_MATCH = YES;
				GCC_C_LANGUAGE_STANDARD = c99;
				GCC_THUMB_SUPPORT = NO;
				GCC_VERSION = "";
				GCC_WARN_ABOUT_RETURN_TYPE = YES;
				GCC_WARN_UNDECLARED_SELECTOR = YES;
				GCC_WARN_UNINITIALIZED_AUTOS = YES;
				GCC_WARN_UNUSED_FUNCTION = YES;
				GCC_WARN_UNUSED_VARIABLE = YES;
				ONLY_ACTIVE_ARCH = YES;
				SDKROOT = iphoneos;
				SKIP_INSTALL = NO;
			};
			name = Debug;
		};
		C01FCF5008A954540054247B /* Release */ = {
			isa = XCBuildConfiguration;
			baseConfigurationReference = 3047A5111AB8059700498E2A /* build.xcconfig */;
			buildSettings = {
				ASSETCATALOG_COMPILER_LAUNCHIMAGE_NAME = LaunchImage;
				CLANG_ENABLE_MODULES = YES;
				CLANG_ENABLE_OBJC_ARC = YES;
				CLANG_WARN_BOOL_CONVERSION = YES;
				CLANG_WARN_CONSTANT_CONVERSION = YES;
				CLANG_WARN_EMPTY_BODY = YES;
				CLANG_WARN_ENUM_CONVERSION = YES;
				CLANG_WARN_INT_CONVERSION = YES;
				CLANG_WARN__DUPLICATE_METHOD_MATCH = YES;
				GCC_C_LANGUAGE_STANDARD = c99;
				GCC_THUMB_SUPPORT = NO;
				GCC_VERSION = "";
				GCC_WARN_ABOUT_RETURN_TYPE = YES;
				GCC_WARN_UNDECLARED_SELECTOR = YES;
				GCC_WARN_UNINITIALIZED_AUTOS = YES;
				GCC_WARN_UNUSED_FUNCTION = YES;
				GCC_WARN_UNUSED_VARIABLE = YES;
				SDKROOT = iphoneos;
				SKIP_INSTALL = NO;
			};
			name = Release;
		};
/* End XCBuildConfiguration section */

/* Begin XCConfigurationList section */
		1D6058960D05DD3E006BFB54 /* Build configuration list for PBXNativeTarget "三奇" */ = {
			isa = XCConfigurationList;
			buildConfigurations = (
				1D6058940D05DD3E006BFB54 /* Debug */,
				1D6058950D05DD3E006BFB54 /* Release */,
			);
			defaultConfigurationIsVisible = 0;
			defaultConfigurationName = Release;
		};
		C01FCF4E08A954540054247B /* Build configuration list for PBXProject "三奇" */ = {
			isa = XCConfigurationList;
			buildConfigurations = (
				C01FCF4F08A954540054247B /* Debug */,
				C01FCF5008A954540054247B /* Release */,
			);
			defaultConfigurationIsVisible = 0;
			defaultConfigurationName = Release;
		};
/* End XCConfigurationList section */
	};
	rootObject = 29B97313FDCFA39411CA2CEA /* Project object */;
}
